
Microsoft Visual Studio Solution File, Format Version 12.00
# Visual Studio Version 16
VisualStudioVersion = 16.0.33423.256
MinimumVisualStudioVersion = 10.0.40219.1
Project("{FAE04EC0-301F-11D3-BF4B-00C04F79EFBC}") = "UrbanPetApp", "UrbanPetApp\UrbanPetApp.csproj", "{08AF8712-B2FC-481B-9690-6B4D0851CF3F}"
EndProject
Project("{2150E333-8FDC-42A3-9474-1A3956D46DE8}") = "Solution Items", "Solution Items", "{CA156248-F6C2-451B-9580-83813ABD7E76}"
EndProject
Global
	GlobalSection(SolutionConfigurationPlatforms) = preSolution
		Debug|Any CPU = Debug|Any CPU
		Release|Any CPU = Release|Any CPU
	EndGlobalSection
	GlobalSection(ProjectConfigurationPlatforms) = postSolution
		{08AF8712-B2FC-481B-9690-6B4D0851CF3F}.Debug|Any CPU.ActiveCfg = Debug|Any CPU
		{08AF8712-B2FC-481B-9690-6B4D0851CF3F}.Debug|Any CPU.Build.0 = Debug|Any CPU
		{08AF8712-B2FC-481B-9690-6B4D0851CF3F}.Release|Any CPU.ActiveCfg = Release|Any CPU
		{08AF8712-B2FC-481B-9690-6B4D0851CF3F}.Release|Any CPU.Build.0 = Release|Any CPU
	EndGlobalSection
	GlobalSection(SolutionProperties) = preSolution
		HideSolutionNode = FALSE
	EndGlobalSection
	GlobalSection(ExtensibilityGlobals) = postSolution
		SolutionGuid = {623A8369-C020-4FC0-B4D3-5CDE90074BEE}
	EndGlobalSection
EndGlobal
